
Microsoft Visual Studio Solution File, Format Version 12.00
# Visual Studio 15
VisualStudioVersion = 15.0.27130.2010
MinimumVisualStudioVersion = 10.0.40219.1
Project("{FAE04EC0-301F-11D3-BF4B-00C04F79EFBC}") = "MonoSAR", "MonoSAR\MonoSAR.csproj", "{A5472C80-6BEA-4F4C-A596-16DF9CB6B134}"
EndProject
Global
	GlobalSection(SolutionConfigurationPlatforms) = preSolution
		Debug|Any CPU = Debug|Any CPU
		Release|Any CPU = Release|Any CPU
	EndGlobalSection
	GlobalSection(ProjectConfigurationPlatforms) = postSolution
		{A5472C80-6BEA-4F4C-A596-16DF9CB6B134}.Debug|Any CPU.ActiveCfg = Debug|Any CPU
		{A5472C80-6BEA-4F4C-A596-16DF9CB6B134}.Debug|Any CPU.Build.0 = Debug|Any CPU
		{A5472C80-6BEA-4F4C-A596-16DF9CB6B134}.Release|Any CPU.ActiveCfg = Release|Any CPU
		{A5472C80-6BEA-4F4C-A596-16DF9CB6B134}.Release|Any CPU.Build.0 = Release|Any CPU
	EndGlobalSection
	GlobalSection(SolutionProperties) = preSolution
		HideSolutionNode = FALSE
	EndGlobalSection
	GlobalSection(ExtensibilityGlobals) = postSolution
		SolutionGuid = {79540659-B5ED-4D91-9924-1EE19B962221}
	EndGlobalSection
EndGlobal
